# This file is automatically @generated by Poetry 1.8.2 and should not be changed by hand.

[[package]]
name = "mpi4py"
version = "4.0.0"
description = "Python bindings for MPI"
optional = false
python-versions = ">=3.6"
files = [
    {file = "mpi4py-4.0.0-cp310-cp310-win_amd64.whl", hash = "sha256:21201224ec5a7ad158ab8cddc7a8d12f4de678f0f2f90ad855ac6216ee41fba2"},
    {file = "mpi4py-4.0.0-cp311-cp311-win_amd64.whl", hash = "sha256:03ecab5c3699ebd4a8a88acafb72d00c1cc7d3bfc466f0b9343b426d210cddb8"},
    {file = "mpi4py-4.0.0-cp312-cp312-win_amd64.whl", hash = "sha256:92b66a24fc932a1ee96e4830d71ca07de2835529df9f6b26044703b83cd86800"},
    {file = "mpi4py-4.0.0-cp36-cp36m-win_amd64.whl", hash = "sha256:8b950e304e99f84db03dfc889c150ad9f98c892eb0ece11df2d860b8a2103a9d"},
    {file = "mpi4py-4.0.0-cp37-cp37m-win_amd64.whl", hash = "sha256:33e05e781bae9aceee4c63e398e6e309ea0a2b0d0f1f1bba58dbe13bce128f5f"},
    {file = "mpi4py-4.0.0-cp38-cp38-win_amd64.whl", hash = "sha256:0406ac9923ce18742b7cec3f9138d5d92ba5d5b45adb1744e53ed825e3bc124f"},
    {file = "mpi4py-4.0.0-cp39-cp39-win_amd64.whl", hash = "sha256:233448865a994195ce5f4d1c858dccedf50a53e4e3b0046383a59b185ddfe4e0"},
    {file = "mpi4py-4.0.0-pp310-pypy310_pp73-win_amd64.whl", hash = "sha256:9a7a81c58215a4bb22435b38755f577d4c25d25435144801d9a4ac1cb4ea1857"},
    {file = "mpi4py-4.0.0-pp37-pypy37_pp73-win_amd64.whl", hash = "sha256:0e6b917e30095150add80fa4875c1ed2769badfc76487f7f0da566d24a56bdb1"},
    {file = "mpi4py-4.0.0-pp38-pypy38_pp73-win_amd64.whl", hash = "sha256:8186de3b98b07596fbc807f447ce973647d19b611463a6b84017e716db5c5bce"},
    {file = "mpi4py-4.0.0-pp39-pypy39_pp73-win_amd64.whl", hash = "sha256:ae25e4180d0a41eaab12d0c35c8e4324631de03925208d1bdbdf48399c0a922f"},
    {file = "mpi4py-4.0.0.tar.gz", hash = "sha256:820d31ae184d69c17d9b5d55b1d524d56be47d2e6cb318ea4f3e7007feff2ccc"},
]

[metadata]
lock-version = "2.0"
python-versions = "^3.12"
content-hash = "e49f2460687e4107818e0b1011962dc0eb13bec706f714aa07d97e89ad818ddf"
